
Microsoft Visual Studio Solution File, Format Version 12.00
# Visual Studio Version 17
VisualStudioVersion = 17.7.34003.232
MinimumVisualStudioVersion = 10.0.40219.1
Project("{9A19103F-16F7-4668-BE54-9A1E7A4F7556}") = "VLSM", "VLSM\VLSM.csproj", "{1BF30332-9AC8-46BA-83A9-FCCD0C200BE2}"
EndProject
Project("{FAE04EC0-301F-11D3-BF4B-00C04F79EFBC}") = "VLSMtest", "VLSMtest\VLSMtest.csproj", "{06882D26-AE7C-44F9-AF51-2E06D7946598}"
EndProject
Global
	GlobalSection(SolutionConfigurationPlatforms) = preSolution
		Debug|Any CPU = Debug|Any CPU
		Release|Any CPU = Release|Any CPU
	EndGlobalSection
	GlobalSection(ProjectConfigurationPlatforms) = postSolution
		{1BF30332-9AC8-46BA-83A9-FCCD0C200BE2}.Debug|Any CPU.ActiveCfg = Debug|Any CPU
		{1BF30332-9AC8-46BA-83A9-FCCD0C200BE2}.Debug|Any CPU.Build.0 = Debug|Any CPU
		{1BF30332-9AC8-46BA-83A9-FCCD0C200BE2}.Release|Any CPU.ActiveCfg = Release|Any CPU
		{1BF30332-9AC8-46BA-83A9-FCCD0C200BE2}.Release|Any CPU.Build.0 = Release|Any CPU
		{06882D26-AE7C-44F9-AF51-2E06D7946598}.Debug|Any CPU.ActiveCfg = Debug|Any CPU
		{06882D26-AE7C-44F9-AF51-2E06D7946598}.Debug|Any CPU.Build.0 = Debug|Any CPU
		{06882D26-AE7C-44F9-AF51-2E06D7946598}.Release|Any CPU.ActiveCfg = Release|Any CPU
		{06882D26-AE7C-44F9-AF51-2E06D7946598}.Release|Any CPU.Build.0 = Release|Any CPU
	EndGlobalSection
	GlobalSection(SolutionProperties) = preSolution
		HideSolutionNode = FALSE
	EndGlobalSection
	GlobalSection(ExtensibilityGlobals) = postSolution
		SolutionGuid = {ACF89000-AD2C-4EAC-AB9C-8EFE0CE1071B}
	EndGlobalSection
EndGlobal
